
Microsoft Visual Studio Solution File, Format Version 12.00
# Visual Studio Version 17
VisualStudioVersion = 17.8.34330.188
MinimumVisualStudioVersion = 10.0.40219.1
Project("{FAE04EC0-301F-11D3-BF4B-00C04F79EFBC}") = "Vehicle-rental- management-Assign3", "Vehicle-rental- management-Assign3.csproj", "{2C2CD43D-E60A-4007-8901-0E49DA221F7F}"
EndProject
Global
	GlobalSection(SolutionConfigurationPlatforms) = preSolution
		Debug|Any CPU = Debug|Any CPU
		Release|Any CPU = Release|Any CPU
	EndGlobalSection
	GlobalSection(ProjectConfigurationPlatforms) = postSolution
		{2C2CD43D-E60A-4007-8901-0E49DA221F7F}.Debug|Any CPU.ActiveCfg = Debug|Any CPU
		{2C2CD43D-E60A-4007-8901-0E49DA221F7F}.Debug|Any CPU.Build.0 = Debug|Any CPU
		{2C2CD43D-E60A-4007-8901-0E49DA221F7F}.Release|Any CPU.ActiveCfg = Release|Any CPU
		{2C2CD43D-E60A-4007-8901-0E49DA221F7F}.Release|Any CPU.Build.0 = Release|Any CPU
	EndGlobalSection
	GlobalSection(SolutionProperties) = preSolution
		HideSolutionNode = FALSE
	EndGlobalSection
	GlobalSection(ExtensibilityGlobals) = postSolution
		SolutionGuid = {3FABBD85-23CD-4513-A0D2-973928BBA748}
	EndGlobalSection
EndGlobal
